
Microsoft Visual Studio Solution File, Format Version 12.00
# Visual Studio Version 17
VisualStudioVersion = 17.5.33502.453
MinimumVisualStudioVersion = 10.0.40219.1
Project("{FAE04EC0-301F-11D3-BF4B-00C04F79EFBC}") = "EF_Task_Crud", "EF_Task_Crud.csproj", "{67447C1A-9884-48E6-B344-A8CD155F15FE}"
EndProject
Global
	GlobalSection(SolutionConfigurationPlatforms) = preSolution
		Debug|Any CPU = Debug|Any CPU
		Release|Any CPU = Release|Any CPU
	EndGlobalSection
	GlobalSection(ProjectConfigurationPlatforms) = postSolution
		{67447C1A-9884-48E6-B344-A8CD155F15FE}.Debug|Any CPU.ActiveCfg = Debug|Any CPU
		{67447C1A-9884-48E6-B344-A8CD155F15FE}.Debug|Any CPU.Build.0 = Debug|Any CPU
		{67447C1A-9884-48E6-B344-A8CD155F15FE}.Release|Any CPU.ActiveCfg = Release|Any CPU
		{67447C1A-9884-48E6-B344-A8CD155F15FE}.Release|Any CPU.Build.0 = Release|Any CPU
	EndGlobalSection
	GlobalSection(SolutionProperties) = preSolution
		HideSolutionNode = FALSE
	EndGlobalSection
	GlobalSection(ExtensibilityGlobals) = postSolution
		SolutionGuid = {72F430AC-85CC-46A4-8AA4-C111B5C0C268}
	EndGlobalSection
EndGlobal
